{
  "nodes": {
    "nixpkgs": {
      "info": {
        "lastModified": 1590523645,
        "narHash": "sha256-ZNMRaPphCyZ3KuM0+s5KBGS0zlOxBVOgLYrarFfphr8="
      },
      "locked": {
        "owner": "NixOS",
        "repo": "nixpkgs",
        "rev": "ac3128f22dc42b54b38976a87f5c3fe22046bd25",
        "type": "github"
      },
      "original": {
        "id": "nixpkgs",
        "type": "indirect"
      }
    },
    "root": {
      "inputs": {
        "nixpkgs": "nixpkgs"
      }
    }
  },
  "root": "root",
  "version": 5
}
